
Microsoft Visual Studio Solution File, Format Version 12.00
# Visual Studio 15
VisualStudioVersion = 15.0.27004.2005
MinimumVisualStudioVersion = 10.0.40219.1
Project("{8BC9CEB8-8B4A-11D0-8D11-00A0C91BC942}") = "game2", "game2\game2.vcxproj", "{9DC403C7-C6CC-47EC-8D0C-0FF78681BFCA}"
EndProject
Global
	GlobalSection(SolutionConfigurationPlatforms) = preSolution
		Debug|x64 = Debug|x64
		Debug|x86 = Debug|x86
		Release|x64 = Release|x64
		Release|x86 = Release|x86
	EndGlobalSection
	GlobalSection(ProjectConfigurationPlatforms) = postSolution
		{9DC403C7-C6CC-47EC-8D0C-0FF78681BFCA}.Debug|x64.ActiveCfg = Debug|Win32
		{9DC403C7-C6CC-47EC-8D0C-0FF78681BFCA}.Debug|x64.Build.0 = Debug|Win32
		{9DC403C7-C6CC-47EC-8D0C-0FF78681BFCA}.Debug|x86.ActiveCfg = Debug|Win32
		{9DC403C7-C6CC-47EC-8D0C-0FF78681BFCA}.Debug|x86.Build.0 = Debug|Win32
		{9DC403C7-C6CC-47EC-8D0C-0FF78681BFCA}.Release|x64.ActiveCfg = Release|x64
		{9DC403C7-C6CC-47EC-8D0C-0FF78681BFCA}.Release|x64.Build.0 = Release|x64
		{9DC403C7-C6CC-47EC-8D0C-0FF78681BFCA}.Release|x86.ActiveCfg = Release|Win32
		{9DC403C7-C6CC-47EC-8D0C-0FF78681BFCA}.Release|x86.Build.0 = Release|Win32
	EndGlobalSection
	GlobalSection(SolutionProperties) = preSolution
		HideSolutionNode = FALSE
	EndGlobalSection
	GlobalSection(ExtensibilityGlobals) = postSolution
		SolutionGuid = {B2A16E4D-CE45-4AE0-A3F8-7A83817B0D7B}
	EndGlobalSection
EndGlobal
